// !$*UTF8*$!
{
	archiveVersion = 1;
	classes = {
	};
	objectVersion = 55;
	objects = {

/* Begin PBXBuildFile section */
		BA648E2B277DD53400211DD7 /* weather_appApp.swift in Sources */ = {isa = PBXBuildFile; fileRef = BA648E2A277DD53400211DD7 /* weather_appApp.swift */; };
		BA648E2D277DD53400211DD7 /* ContentView.swift in Sources */ = {isa = PBXBuildFile; fileRef = BA648E2C277DD53400211DD7 /* ContentView.swift */; };
		BA648E2F277DD53700211DD7 /* Assets.xcassets in Resources */ = {isa = PBXBuildFile; fileRef = BA648E2E277DD53700211DD7 /* Assets.xcassets */; };
		BA648E32277DD53700211DD7 /* Preview Assets.xcassets in Resources */ = {isa = PBXBuildFile; fileRef = BA648E31277DD53700211DD7 /* Preview Assets.xcassets */; };
		BA648E3C277DD53700211DD7 /* weather_appTests.swift in Sources */ = {isa = PBXBuildFile; fileRef = BA648E3B277DD53700211DD7 /* weather_appTests.swift */; };
		BA648E46277DD53700211DD7 /* weather_appUITests.swift in Sources */ = {isa = PBXBuildFile; fileRef = BA648E45277DD53700211DD7 /* weather_appUITests.swift */; };
		BA648E48277DD53700211DD7 /* weather_appUITestsLaunchTests.swift in Sources */ = {isa = PBXBuildFile; fileRef = BA648E47277DD53700211DD7 /* weather_appUITestsLaunchTests.swift */; };
		BA648E56277DDC6200211DD7 /* network_manager.swift in Sources */ = {isa = PBXBuildFile; fileRef = BA648E55277DDC6200211DD7 /* network_manager.swift */; };
		BA648E58277DF06300211DD7 /* weather_remote_datasource.swift in Sources */ = {isa = PBXBuildFile; fileRef = BA648E57277DF06300211DD7 /* weather_remote_datasource.swift */; };
		BA648E5B277DF56D00211DD7 /* keys.swift in Sources */ = {isa = PBXBuildFile; fileRef = BA648E5A277DF56D00211DD7 /* keys.swift */; };
		BA648E5E277DF77D00211DD7 /* weather.swift in Sources */ = {isa = PBXBuildFile; fileRef = BA648E5D277DF77D00211DD7 /* weather.swift */; };
		BA648E60277E072600211DD7 /* location_manager.swift in Sources */ = {isa = PBXBuildFile; fileRef = BA648E5F277E072600211DD7 /* location_manager.swift */; };
		BA648E65277E0B1C00211DD7 /* LocationView.swift in Sources */ = {isa = PBXBuildFile; fileRef = BA648E64277E0B1C00211DD7 /* LocationView.swift */; };
		BA648E67277EA2FC00211DD7 /* WeatherPageView.swift in Sources */ = {isa = PBXBuildFile; fileRef = BA648E66277EA2FC00211DD7 /* WeatherPageView.swift */; };
/* End PBXBuildFile section */

/* Begin PBXContainerItemProxy section */
		BA648E38277DD53700211DD7 /* PBXContainerItemProxy */ = {
			isa = PBXContainerItemProxy;
			containerPortal = BA648E1F277DD53400211DD7 /* Project object */;
			proxyType = 1;
			remoteGlobalIDString = BA648E26277DD53400211DD7;
			remoteInfo = "weather app";
		};
		BA648E42277DD53700211DD7 /* PBXContainerItemProxy */ = {
			isa = PBXContainerItemProxy;
			containerPortal = BA648E1F277DD53400211DD7 /* Project object */;
			proxyType = 1;
			remoteGlobalIDString = BA648E26277DD53400211DD7;
			remoteInfo = "weather app";
		};
/* End PBXContainerItemProxy section */

/* Begin PBXFileReference section */
		BA648E27277DD53400211DD7 /* weather app.app */ = {isa = PBXFileReference; explicitFileType = wrapper.application; includeInIndex = 0; path = "weather app.app"; sourceTree = BUILT_PRODUCTS_DIR; };
		BA648E2A277DD53400211DD7 /* weather_appApp.swift */ = {isa = PBXFileReference; lastKnownFileType = sourcecode.swift; path = weather_appApp.swift; sourceTree = "<group>"; };
		BA648E2C277DD53400211DD7 /* ContentView.swift */ = {isa = PBXFileReference; lastKnownFileType = sourcecode.swift; path = ContentView.swift; sourceTree = "<group>"; };
		BA648E2E277DD53700211DD7 /* Assets.xcassets */ = {isa = PBXFileReference; lastKnownFileType = folder.assetcatalog; path = Assets.xcassets; sourceTree = "<group>"; };
		BA648E31277DD53700211DD7 /* Preview Assets.xcassets */ = {isa = PBXFileReference; lastKnownFileType = folder.assetcatalog; path = "Preview Assets.xcassets"; sourceTree = "<group>"; };
		BA648E37277DD53700211DD7 /* weather appTests.xctest */ = {isa = PBXFileReference; explicitFileType = wrapper.cfbundle; includeInIndex = 0; path = "weather appTests.xctest"; sourceTree = BUILT_PRODUCTS_DIR; };
		BA648E3B277DD53700211DD7 /* weather_appTests.swift */ = {isa = PBXFileReference; lastKnownFileType = sourcecode.swift; path = weather_appTests.swift; sourceTree = "<group>"; };
		BA648E41277DD53700211DD7 /* weather appUITests.xctest */ = {isa = PBXFileReference; explicitFileType = wrapper.cfbundle; includeInIndex = 0; path = "weather appUITests.xctest"; sourceTree = BUILT_PRODUCTS_DIR; };
		BA648E45277DD53700211DD7 /* weather_appUITests.swift */ = {isa = PBXFileReference; lastKnownFileType = sourcecode.swift; path = weather_appUITests.swift; sourceTree = "<group>"; };
		BA648E47277DD53700211DD7 /* weather_appUITestsLaunchTests.swift */ = {isa = PBXFileReference; lastKnownFileType = sourcecode.swift; path = weather_appUITestsLaunchTests.swift; sourceTree = "<group>"; };
		BA648E55277DDC6200211DD7 /* network_manager.swift */ = {isa = PBXFileReference; lastKnownFileType = sourcecode.swift; path = network_manager.swift; sourceTree = "<group>"; };
		BA648E57277DF06300211DD7 /* weather_remote_datasource.swift */ = {isa = PBXFileReference; lastKnownFileType = sourcecode.swift; path = weather_remote_datasource.swift; sourceTree = "<group>"; };
		BA648E5A277DF56D00211DD7 /* keys.swift */ = {isa = PBXFileReference; lastKnownFileType = sourcecode.swift; path = keys.swift; sourceTree = "<group>"; };
		BA648E5D277DF77D00211DD7 /* weather.swift */ = {isa = PBXFileReference; lastKnownFileType = sourcecode.swift; path = weather.swift; sourceTree = "<group>"; };
		BA648E5F277E072600211DD7 /* location_manager.swift */ = {isa = PBXFileReference; lastKnownFileType = sourcecode.swift; path = location_manager.swift; sourceTree = "<group>"; };
		BA648E64277E0B1C00211DD7 /* LocationView.swift */ = {isa = PBXFileReference; lastKnownFileType = sourcecode.swift; path = LocationView.swift; sourceTree = "<group>"; };
		BA648E66277EA2FC00211DD7 /* WeatherPageView.swift */ = {isa = PBXFileReference; lastKnownFileType = sourcecode.swift; path = WeatherPageView.swift; sourceTree = "<group>"; };
/* End PBXFileReference section */

/* Begin PBXFrameworksBuildPhase section */
		BA648E24277DD53400211DD7 /* Frameworks */ = {
			isa = PBXFrameworksBuildPhase;
			buildActionMask = 2147483647;
			files = (
			);
			runOnlyForDeploymentPostprocessing = 0;
		};
		BA648E34277DD53700211DD7 /* Frameworks */ = {
			isa = PBXFrameworksBuildPhase;
			buildActionMask = 2147483647;
			files = (
			);
			runOnlyForDeploymentPostprocessing = 0;
		};
		BA648E3E277DD53700211DD7 /* Frameworks */ = {
			isa = PBXFrameworksBuildPhase;
			buildActionMask = 2147483647;
			files = (
			);
			runOnlyForDeploymentPostprocessing = 0;
		};
/* End PBXFrameworksBuildPhase section */

/* Begin PBXGroup section */
		BA648E1E277DD53400211DD7 = {
			isa = PBXGroup;
			children = (
				BA648E29277DD53400211DD7 /* weather app */,
				BA648E3A277DD53700211DD7 /* weather appTests */,
				BA648E44277DD53700211DD7 /* weather appUITests */,
				BA648E28277DD53400211DD7 /* Products */,
			);
			sourceTree = "<group>";
		};
		BA648E28277DD53400211DD7 /* Products */ = {
			isa = PBXGroup;
			children = (
				BA648E27277DD53400211DD7 /* weather app.app */,
				BA648E37277DD53700211DD7 /* weather appTests.xctest */,
				BA648E41277DD53700211DD7 /* weather appUITests.xctest */,
			);
			name = Products;
			sourceTree = "<group>";
		};
		BA648E29277DD53400211DD7 /* weather app */ = {
			isa = PBXGroup;
			children = (
				BA648E61277E09BD00211DD7 /* view */,
				BA648E5C277DF77100211DD7 /* models */,
				BA648E59277DF54400211DD7 /* constants */,
				BA648E54277DDC4700211DD7 /* service */,
				BA648E2A277DD53400211DD7 /* weather_appApp.swift */,
				BA648E2E277DD53700211DD7 /* Assets.xcassets */,
				BA648E30277DD53700211DD7 /* Preview Content */,
			);
			path = "weather app";
			sourceTree = "<group>";
		};
		BA648E30277DD53700211DD7 /* Preview Content */ = {
			isa = PBXGroup;
			children = (
				BA648E31277DD53700211DD7 /* Preview Assets.xcassets */,
			);
			path = "Preview Content";
			sourceTree = "<group>";
		};
		BA648E3A277DD53700211DD7 /* weather appTests */ = {
			isa = PBXGroup;
			children = (
				BA648E3B277DD53700211DD7 /* weather_appTests.swift */,
			);
			path = "weather appTests";
			sourceTree = "<group>";
		};
		BA648E44277DD53700211DD7 /* weather appUITests */ = {
			isa = PBXGroup;
			children = (
				BA648E45277DD53700211DD7 /* weather_appUITests.swift */,
				BA648E47277DD53700211DD7 /* weather_appUITestsLaunchTests.swift */,
			);
			path = "weather appUITests";
			sourceTree = "<group>";
		};
		BA648E54277DDC4700211DD7 /* service */ = {
			isa = PBXGroup;
			children = (
				BA648E55277DDC6200211DD7 /* network_manager.swift */,
				BA648E57277DF06300211DD7 /* weather_remote_datasource.swift */,
				BA648E5F277E072600211DD7 /* location_manager.swift */,
			);
			path = service;
			sourceTree = "<group>";
		};
		BA648E59277DF54400211DD7 /* constants */ = {
			isa = PBXGroup;
			children = (
				BA648E5A277DF56D00211DD7 /* keys.swift */,
			);
			path = constants;
			sourceTree = "<group>";
		};
		BA648E5C277DF77100211DD7 /* models */ = {
			isa = PBXGroup;
			children = (
				BA648E5D277DF77D00211DD7 /* weather.swift */,
			);
			path = models;
			sourceTree = "<group>";
		};
		BA648E61277E09BD00211DD7 /* view */ = {
			isa = PBXGroup;
			children = (
				BA648E2C277DD53400211DD7 /* ContentView.swift */,
				BA648E64277E0B1C00211DD7 /* LocationView.swift */,
				BA648E66277EA2FC00211DD7 /* WeatherPageView.swift */,
			);
			path = view;
			sourceTree = "<group>";
		};
/* End PBXGroup section */

/* Begin PBXNativeTarget section */
		BA648E26277DD53400211DD7 /* weather app */ = {
			isa = PBXNativeTarget;
			buildConfigurationList = BA648E4B277DD53700211DD7 /* Build configuration list for PBXNativeTarget "weather app" */;
			buildPhases = (
				BA648E23277DD53400211DD7 /* Sources */,
				BA648E24277DD53400211DD7 /* Frameworks */,
				BA648E25277DD53400211DD7 /* Resources */,
			);
			buildRules = (
			);
			dependencies = (
			);
			name = "weather app";
			productName = "weather app";
			productReference = BA648E27277DD53400211DD7 /* weather app.app */;
			productType = "com.apple.product-type.application";
		};
		BA648E36277DD53700211DD7 /* weather appTests */ = {
			isa = PBXNativeTarget;
			buildConfigurationList = BA648E4E277DD53700211DD7 /* Build configuration list for PBXNativeTarget "weather appTests" */;
			buildPhases = (
				BA648E33277DD53700211DD7 /* Sources */,
				BA648E34277DD53700211DD7 /* Frameworks */,
				BA648E35277DD53700211DD7 /* Resources */,
			);
			buildRules = (
			);
			dependencies = (
				BA648E39277DD53700211DD7 /* PBXTargetDependency */,
			);
			name = "weather appTests";
			productName = "weather appTests";
			productReference = BA648E37277DD53700211DD7 /* weather appTests.xctest */;
			productType = "com.apple.product-type.bundle.unit-test";
		};
		BA648E40277DD53700211DD7 /* weather appUITests */ = {
			isa = PBXNativeTarget;
			buildConfigurationList = BA648E51277DD53700211DD7 /* Build configuration list for PBXNativeTarget "weather appUITests" */;
			buildPhases = (
				BA648E3D277DD53700211DD7 /* Sources */,
				BA648E3E277DD53700211DD7 /* Frameworks */,
				BA648E3F277DD53700211DD7 /* Resources */,
			);
			buildRules = (
			);
			dependencies = (
				BA648E43277DD53700211DD7 /* PBXTargetDependency */,
			);
			name = "weather appUITests";
			productName = "weather appUITests";
			productReference = BA648E41277DD53700211DD7 /* weather appUITests.xctest */;
			productType = "com.apple.product-type.bundle.ui-testing";
		};
/* End PBXNativeTarget section */

/* Begin PBXProject section */
		BA648E1F277DD53400211DD7 /* Project object */ = {
			isa = PBXProject;
			attributes = {
				BuildIndependentTargetsInParallel = 1;
				LastSwiftUpdateCheck = 1320;
				LastUpgradeCheck = 1320;
				TargetAttributes = {
					BA648E26277DD53400211DD7 = {
						CreatedOnToolsVersion = 13.2.1;
					};
					BA648E36277DD53700211DD7 = {
						CreatedOnToolsVersion = 13.2.1;
						TestTargetID = BA648E26277DD53400211DD7;
					};
					BA648E40277DD53700211DD7 = {
						CreatedOnToolsVersion = 13.2.1;
						TestTargetID = BA648E26277DD53400211DD7;
					};
				};
			};
			buildConfigurationList = BA648E22277DD53400211DD7 /* Build configuration list for PBXProject "weather app" */;
			compatibilityVersion = "Xcode 13.0";
			developmentRegion = en;
			hasScannedForEncodings = 0;
			knownRegions = (
				en,
				Base,
			);
			mainGroup = BA648E1E277DD53400211DD7;
			productRefGroup = BA648E28277DD53400211DD7 /* Products */;
			projectDirPath = "";
			projectRoot = "";
			targets = (
				BA648E26277DD53400211DD7 /* weather app */,
				BA648E36277DD53700211DD7 /* weather appTests */,
				BA648E40277DD53700211DD7 /* weather appUITests */,
			);
		};
/* End PBXProject section */

/* Begin PBXResourcesBuildPhase section */
		BA648E25277DD53400211DD7 /* Resources */ = {
			isa = PBXResourcesBuildPhase;
			buildActionMask = 2147483647;
			files = (
				BA648E32277DD53700211DD7 /* Preview Assets.xcassets in Resources */,
				BA648E2F277DD53700211DD7 /* Assets.xcassets in Resources */,
			);
			runOnlyForDeploymentPostprocessing = 0;
		};
		BA648E35277DD53700211DD7 /* Resources */ = {
			isa = PBXResourcesBuildPhase;
			buildActionMask = 2147483647;
			files = (
			);
			runOnlyForDeploymentPostprocessing = 0;
		};
		BA648E3F277DD53700211DD7 /* Resources */ = {
			isa = PBXResourcesBuildPhase;
			buildActionMask = 2147483647;
			files = (
			);
			runOnlyForDeploymentPostprocessing = 0;
		};
/* End PBXResourcesBuildPhase section */

/* Begin PBXSourcesBuildPhase section */
		BA648E23277DD53400211DD7 /* Sources */ = {
			isa = PBXSourcesBuildPhase;
			buildActionMask = 2147483647;
			files = (
				BA648E5B277DF56D00211DD7 /* keys.swift in Sources */,
				BA648E65277E0B1C00211DD7 /* LocationView.swift in Sources */,
				BA648E58277DF06300211DD7 /* weather_remote_datasource.swift in Sources */,
				BA648E5E277DF77D00211DD7 /* weather.swift in Sources */,
				BA648E2D277DD53400211DD7 /* ContentView.swift in Sources */,
				BA648E56277DDC6200211DD7 /* network_manager.swift in Sources */,
				BA648E60277E072600211DD7 /* location_manager.swift in Sources */,
				BA648E67277EA2FC00211DD7 /* WeatherPageView.swift in Sources */,
				BA648E2B277DD53400211DD7 /* weather_appApp.swift in Sources */,
			);
			runOnlyForDeploymentPostprocessing = 0;
		};
		BA648E33277DD53700211DD7 /* Sources */ = {
			isa = PBXSourcesBuildPhase;
			buildActionMask = 2147483647;
			files = (
				BA648E3C277DD53700211DD7 /* weather_appTests.swift in Sources */,
			);
			runOnlyForDeploymentPostprocessing = 0;
		};
		BA648E3D277DD53700211DD7 /* Sources */ = {
			isa = PBXSourcesBuildPhase;
			buildActionMask = 2147483647;
			files = (
				BA648E46277DD53700211DD7 /* weather_appUITests.swift in Sources */,
				BA648E48277DD53700211DD7 /* weather_appUITestsLaunchTests.swift in Sources */,
			);
			runOnlyForDeploymentPostprocessing = 0;
		};
/* End PBXSourcesBuildPhase section */

/* Begin PBXTargetDependency section */
		BA648E39277DD53700211DD7 /* PBXTargetDependency */ = {
			isa = PBXTargetDependency;
			target = BA648E26277DD53400211DD7 /* weather app */;
			targetProxy = BA648E38277DD53700211DD7 /* PBXContainerItemProxy */;
		};
		BA648E43277DD53700211DD7 /* PBXTargetDependency */ = {
			isa = PBXTargetDependency;
			target = BA648E26277DD53400211DD7 /* weather app */;
			targetProxy = BA648E42277DD53700211DD7 /* PBXContainerItemProxy */;
		};
/* End PBXTargetDependency section */

/* Begin XCBuildConfiguration section */
		BA648E49277DD53700211DD7 /* Debug */ = {
			isa = XCBuildConfiguration;
			buildSettings = {
				ALWAYS_SEARCH_USER_PATHS = NO;
				CLANG_ANALYZER_NONNULL = YES;
				CLANG_ANALYZER_NUMBER_OBJECT_CONVERSION = YES_AGGRESSIVE;
				CLANG_CXX_LANGUAGE_STANDARD = "gnu++17";
				CLANG_CXX_LIBRARY = "libc++";
				CLANG_ENABLE_MODULES = YES;
				CLANG_ENABLE_OBJC_ARC = YES;
				CLANG_ENABLE_OBJC_WEAK = YES;
				CLANG_WARN_BLOCK_CAPTURE_AUTORELEASING = YES;
				CLANG_WARN_BOOL_CONVERSION = YES;
				CLANG_WARN_COMMA = YES;
				CLANG_WARN_CONSTANT_CONVERSION = YES;
				CLANG_WARN_DEPRECATED_OBJC_IMPLEMENTATIONS = YES;
				CLANG_WARN_DIRECT_OBJC_ISA_USAGE = YES_ERROR;
				CLANG_WARN_DOCUMENTATION_COMMENTS = YES;
				CLANG_WARN_EMPTY_BODY = YES;
				CLANG_WARN_ENUM_CONVERSION = YES;
				CLANG_WARN_INFINITE_RECURSION = YES;
				CLANG_WARN_INT_CONVERSION = YES;
				CLANG_WARN_NON_LITERAL_NULL_CONVERSION = YES;
				CLANG_WARN_OBJC_IMPLICIT_RETAIN_SELF = YES;
				CLANG_WARN_OBJC_LITERAL_CONVERSION = YES;
				CLANG_WARN_OBJC_ROOT_CLASS = YES_ERROR;
				CLANG_WARN_QUOTED_INCLUDE_IN_FRAMEWORK_HEADER = YES;
				CLANG_WARN_RANGE_LOOP_ANALYSIS = YES;
				CLANG_WARN_STRICT_PROTOTYPES = YES;
				CLANG_WARN_SUSPICIOUS_MOVE = YES;
				CLANG_WARN_UNGUARDED_AVAILABILITY = YES_AGGRESSIVE;
				CLANG_WARN_UNREACHABLE_CODE = YES;
				CLANG_WARN__DUPLICATE_METHOD_MATCH = YES;
				COPY_PHASE_STRIP = NO;
				DEBUG_INFORMATION_FORMAT = dwarf;
				ENABLE_STRICT_OBJC_MSGSEND = YES;
				ENABLE_TESTABILITY = YES;
				GCC_C_LANGUAGE_STANDARD = gnu11;
				GCC_DYNAMIC_NO_PIC = NO;
				GCC_NO_COMMON_BLOCKS = YES;
				GCC_OPTIMIZATION_LEVEL = 0;
				GCC_PREPROCESSOR_DEFINITIONS = (
					"DEBUG=1",
					"$(inherited)",
				);
				GCC_WARN_64_TO_32_BIT_CONVERSION = YES;
				GCC_WARN_ABOUT_RETURN_TYPE = YES_ERROR;
				GCC_WARN_UNDECLARED_SELECTOR = YES;
				GCC_WARN_UNINITIALIZED_AUTOS = YES_AGGRESSIVE;
				GCC_WARN_UNUSED_FUNCTION = YES;
				GCC_WARN_UNUSED_VARIABLE = YES;
				IPHONEOS_DEPLOYMENT_TARGET = 15.2;
				MTL_ENABLE_DEBUG_INFO = INCLUDE_SOURCE;
				MTL_FAST_MATH = YES;
				ONLY_ACTIVE_ARCH = YES;
				SDKROOT = iphoneos;
				SWIFT_ACTIVE_COMPILATION_CONDITIONS = DEBUG;
				SWIFT_OPTIMIZATION_LEVEL = "-Onone";
			};
			name = Debug;
		};
		BA648E4A277DD53700211DD7 /* Release */ = {
			isa = XCBuildConfiguration;
			buildSettings = {
				ALWAYS_SEARCH_USER_PATHS = NO;
				CLANG_ANALYZER_NONNULL = YES;
				CLANG_ANALYZER_NUMBER_OBJECT_CONVERSION = YES_AGGRESSIVE;
				CLANG_CXX_LANGUAGE_STANDARD = "gnu++17";
				CLANG_CXX_LIBRARY = "libc++";
				CLANG_ENABLE_MODULES = YES;
				CLANG_ENABLE_OBJC_ARC = YES;
				CLANG_ENABLE_OBJC_WEAK = YES;
				CLANG_WARN_BLOCK_CAPTURE_AUTORELEASING = YES;
				CLANG_WARN_BOOL_CONVERSION = YES;
				CLANG_WARN_COMMA = YES;
				CLANG_WARN_CONSTANT_CONVERSION = YES;
				CLANG_WARN_DEPRECATED_OBJC_IMPLEMENTATIONS = YES;
				CLANG_WARN_DIRECT_OBJC_ISA_USAGE = YES_ERROR;
				CLANG_WARN_DOCUMENTATION_COMMENTS = YES;
				CLANG_WARN_EMPTY_BODY = YES;
				CLANG_WARN_ENUM_CONVERSION = YES;
				CLANG_WARN_INFINITE_RECURSION = YES;
				CLANG_WARN_INT_CONVERSION = YES;
				CLANG_WARN_NON_LITERAL_NULL_CONVERSION = YES;
				CLANG_WARN_OBJC_IMPLICIT_RETAIN_SELF = YES;
				CLANG_WARN_OBJC_LITERAL_CONVERSION = YES;
				CLANG_WARN_OBJC_ROOT_CLASS = YES_ERROR;
				CLANG_WARN_QUOTED_INCLUDE_IN_FRAMEWORK_HEADER = YES;
				CLANG_WARN_RANGE_LOOP_ANALYSIS = YES;
				CLANG_WARN_STRICT_PROTOTYPES = YES;
				CLANG_WARN_SUSPICIOUS_MOVE = YES;
				CLANG_WARN_UNGUARDED_AVAILABILITY = YES_AGGRESSIVE;
				CLANG_WARN_UNREACHABLE_CODE = YES;
				CLANG_WARN__DUPLICATE_METHOD_MATCH = YES;
				COPY_PHASE_STRIP = NO;
				DEBUG_INFORMATION_FORMAT = "dwarf-with-dsym";
				ENABLE_NS_ASSERTIONS = NO;
				ENABLE_STRICT_OBJC_MSGSEND = YES;
				GCC_C_LANGUAGE_STANDARD = gnu11;
				GCC_NO_COMMON_BLOCKS = YES;
				GCC_WARN_64_TO_32_BIT_CONVERSION = YES;
				GCC_WARN_ABOUT_RETURN_TYPE = YES_ERROR;
				GCC_WARN_UNDECLARED_SELECTOR = YES;
				GCC_WARN_UNINITIALIZED_AUTOS = YES_AGGRESSIVE;
				GCC_WARN_UNUSED_FUNCTION = YES;
				GCC_WARN_UNUSED_VARIABLE = YES;
				IPHONEOS_DEPLOYMENT_TARGET = 15.2;
				MTL_ENABLE_DEBUG_INFO = NO;
				MTL_FAST_MATH = YES;
				SDKROOT = iphoneos;
				SWIFT_COMPILATION_MODE = wholemodule;
				SWIFT_OPTIMIZATION_LEVEL = "-O";
				VALIDATE_PRODUCT = YES;
			};
			name = Release;
		};
		BA648E4C277DD53700211DD7 /* Debug */ = {
			isa = XCBuildConfiguration;
			buildSettings = {
				ASSETCATALOG_COMPILER_APPICON_NAME = AppIcon;
				ASSETCATALOG_COMPILER_GLOBAL_ACCENT_COLOR_NAME = AccentColor;
				CODE_SIGN_STYLE = Automatic;
				CURRENT_PROJECT_VERSION = 1;
				DEVELOPMENT_ASSET_PATHS = "\"weather app/Preview Content\"";
				DEVELOPMENT_TEAM = UBQN8N734M;
				ENABLE_PREVIEWS = YES;
				GENERATE_INFOPLIST_FILE = YES;
				INFOPLIST_KEY_UIApplicationSceneManifest_Generation = YES;
				INFOPLIST_KEY_UIApplicationSupportsIndirectInputEvents = YES;
				INFOPLIST_KEY_UILaunchScreen_Generation = YES;
				INFOPLIST_KEY_UISupportedInterfaceOrientations_iPad = "UIInterfaceOrientationPortrait UIInterfaceOrientationPortraitUpsideDown UIInterfaceOrientationLandscapeLeft UIInterfaceOrientationLandscapeRight";
				INFOPLIST_KEY_UISupportedInterfaceOrientations_iPhone = "UIInterfaceOrientationPortrait UIInterfaceOrientationLandscapeLeft UIInterfaceOrientationLandscapeRight";
				LD_RUNPATH_SEARCH_PATHS = (
					"$(inherited)",
					"@executable_path/Frameworks",
				);
				MARKETING_VERSION = 1.0;
				PRODUCT_BUNDLE_IDENTIFIER = "DarkshanDev.weather-app";
				PRODUCT_NAME = "$(TARGET_NAME)";
				SWIFT_EMIT_LOC_STRINGS = YES;
				SWIFT_VERSION = 5.0;
				TARGETED_DEVICE_FAMILY = "1,2";
			};
			name = Debug;
		};
		BA648E4D277DD53700211DD7 /* Release */ = {
			isa = XCBuildConfiguration;
			buildSettings = {
				ASSETCATALOG_COMPILER_APPICON_NAME = AppIcon;
				ASSETCATALOG_COMPILER_GLOBAL_ACCENT_COLOR_NAME = AccentColor;
				CODE_SIGN_STYLE = Automatic;
				CURRENT_PROJECT_VERSION = 1;
				DEVELOPMENT_ASSET_PATHS = "\"weather app/Preview Content\"";
				DEVELOPMENT_TEAM = UBQN8N734M;
				ENABLE_PREVIEWS = YES;
				GENERATE_INFOPLIST_FILE = YES;
				INFOPLIST_KEY_UIApplicationSceneManifest_Generation = YES;
				INFOPLIST_KEY_UIApplicationSupportsIndirectInputEvents = YES;
				INFOPLIST_KEY_UILaunchScreen_Generation = YES;
				INFOPLIST_KEY_UISupportedInterfaceOrientations_iPad = "UIInterfaceOrientationPortrait UIInterfaceOrientationPortraitUpsideDown UIInterfaceOrientationLandscapeLeft UIInterfaceOrientationLandscapeRight";
				INFOPLIST_KEY_UISupportedInterfaceOrientations_iPhone = "UIInterfaceOrientationPortrait UIInterfaceOrientationLandscapeLeft UIInterfaceOrientationLandscapeRight";
				LD_RUNPATH_SEARCH_PATHS = (
					"$(inherited)",
					"@executable_path/Frameworks",
				);
				MARKETING_VERSION = 1.0;
				PRODUCT_BUNDLE_IDENTIFIER = "DarkshanDev.weather-app";
				PRODUCT_NAME = "$(TARGET_NAME)";
				SWIFT_EMIT_LOC_STRINGS = YES;
				SWIFT_VERSION = 5.0;
				TARGETED_DEVICE_FAMILY = "1,2";
			};
			name = Release;
		};
		BA648E4F277DD53700211DD7 /* Debug */ = {
			isa = XCBuildConfiguration;
			buildSettings = {
				ALWAYS_EMBED_SWIFT_STANDARD_LIBRARIES = YES;
				BUNDLE_LOADER = "$(TEST_HOST)";
				CODE_SIGN_STYLE = Automatic;
				CURRENT_PROJECT_VERSION = 1;
				DEVELOPMENT_TEAM = UBQN8N734M;
				GENERATE_INFOPLIST_FILE = YES;
				IPHONEOS_DEPLOYMENT_TARGET = 15.2;
				MARKETING_VERSION = 1.0;
				PRODUCT_BUNDLE_IDENTIFIER = "DarkshanDev.weather-appTests";
				PRODUCT_NAME = "$(TARGET_NAME)";
				SWIFT_EMIT_LOC_STRINGS = NO;
				SWIFT_VERSION = 5.0;
				TARGETED_DEVICE_FAMILY = "1,2";
				TEST_HOST = "$(BUILT_PRODUCTS_DIR)/weather app.app/weather app";
			};
			name = Debug;
		};
		BA648E50277DD53700211DD7 /* Release */ = {
			isa = XCBuildConfiguration;
			buildSettings = {
				ALWAYS_EMBED_SWIFT_STANDARD_LIBRARIES = YES;
				BUNDLE_LOADER = "$(TEST_HOST)";
				CODE_SIGN_STYLE = Automatic;
				CURRENT_PROJECT_VERSION = 1;
				DEVELOPMENT_TEAM = UBQN8N734M;
				GENERATE_INFOPLIST_FILE = YES;
				IPHONEOS_DEPLOYMENT_TARGET = 15.2;
				MARKETING_VERSION = 1.0;
				PRODUCT_BUNDLE_IDENTIFIER = "DarkshanDev.weather-appTests";
				PRODUCT_NAME = "$(TARGET_NAME)";
				SWIFT_EMIT_LOC_STRINGS = NO;
				SWIFT_VERSION = 5.0;
				TARGETED_DEVICE_FAMILY = "1,2";
				TEST_HOST = "$(BUILT_PRODUCTS_DIR)/weather app.app/weather app";
			};
			name = Release;
		};
		BA648E52277DD53700211DD7 /* Debug */ = {
			isa = XCBuildConfiguration;
			buildSettings = {
				ALWAYS_EMBED_SWIFT_STANDARD_LIBRARIES = YES;
				CODE_SIGN_STYLE = Automatic;
				CURRENT_PROJECT_VERSION = 1;
				DEVELOPMENT_TEAM = UBQN8N734M;
				GENERATE_INFOPLIST_FILE = YES;
				MARKETING_VERSION = 1.0;
				PRODUCT_BUNDLE_IDENTIFIER = "DarkshanDev.weather-appUITests";
				PRODUCT_NAME = "$(TARGET_NAME)";
				SWIFT_EMIT_LOC_STRINGS = NO;
				SWIFT_VERSION = 5.0;
				TARGETED_DEVICE_FAMILY = "1,2";
				TEST_TARGET_NAME = "weather app";
			};
			name = Debug;
		};
		BA648E53277DD53700211DD7 /* Release */ = {
			isa = XCBuildConfiguration;
			buildSettings = {
				ALWAYS_EMBED_SWIFT_STANDARD_LIBRARIES = YES;
				CODE_SIGN_STYLE = Automatic;
				CURRENT_PROJECT_VERSION = 1;
				DEVELOPMENT_TEAM = UBQN8N734M;
				GENERATE_INFOPLIST_FILE = YES;
				MARKETING_VERSION = 1.0;
				PRODUCT_BUNDLE_IDENTIFIER = "DarkshanDev.weather-appUITests";
				PRODUCT_NAME = "$(TARGET_NAME)";
				SWIFT_EMIT_LOC_STRINGS = NO;
				SWIFT_VERSION = 5.0;
				TARGETED_DEVICE_FAMILY = "1,2";
				TEST_TARGET_NAME = "weather app";
			};
			name = Release;
		};
/* End XCBuildConfiguration section */

/* Begin XCConfigurationList section */
		BA648E22277DD53400211DD7 /* Build configuration list for PBXProject "weather app" */ = {
			isa = XCConfigurationList;
			buildConfigurations = (
				BA648E49277DD53700211DD7 /* Debug */,
				BA648E4A277DD53700211DD7 /* Release */,
			);
			defaultConfigurationIsVisible = 0;
			defaultConfigurationName = Release;
		};
		BA648E4B277DD53700211DD7 /* Build configuration list for PBXNativeTarget "weather app" */ = {
			isa = XCConfigurationList;
			buildConfigurations = (
				BA648E4C277DD53700211DD7 /* Debug */,
				BA648E4D277DD53700211DD7 /* Release */,
			);
			defaultConfigurationIsVisible = 0;
			defaultConfigurationName = Release;
		};
		BA648E4E277DD53700211DD7 /* Build configuration list for PBXNativeTarget "weather appTests" */ = {
			isa = XCConfigurationList;
			buildConfigurations = (
				BA648E4F277DD53700211DD7 /* Debug */,
				BA648E50277DD53700211DD7 /* Release */,
			);
			defaultConfigurationIsVisible = 0;
			defaultConfigurationName = Release;
		};
		BA648E51277DD53700211DD7 /* Build configuration list for PBXNativeTarget "weather appUITests" */ = {
			isa = XCConfigurationList;
			buildConfigurations = (
				BA648E52277DD53700211DD7 /* Debug */,
				BA648E53277DD53700211DD7 /* Release */,
			);
			defaultConfigurationIsVisible = 0;
			defaultConfigurationName = Release;
		};
/* End XCConfigurationList section */
	};
	rootObject = BA648E1F277DD53400211DD7 /* Project object */;
}
